
Microsoft Visual Studio Solution File, Format Version 12.00
# Visual Studio Version 17
VisualStudioVersion = 17.9.34607.119
MinimumVisualStudioVersion = 10.0.40219.1
Project("{2150E333-8FDC-42A3-9474-1A3956D46DE8}") = "src", "src", "{DAD4743F-BB65-4BEC-9440-6C480DBA2BD2}"
EndProject
Project("{FAE04EC0-301F-11D3-BF4B-00C04F79EFBC}") = "NotificationSolution.Host", "src\NotificationSolution.Host\NotificationSolution.Host.csproj", "{35919BD2-1526-4476-8A28-169792AA7BC0}"
EndProject
Global
	GlobalSection(SolutionConfigurationPlatforms) = preSolution
		Debug|Any CPU = Debug|Any CPU
		Release|Any CPU = Release|Any CPU
	EndGlobalSection
	GlobalSection(ProjectConfigurationPlatforms) = postSolution
		{35919BD2-1526-4476-8A28-169792AA7BC0}.Debug|Any CPU.ActiveCfg = Debug|Any CPU
		{35919BD2-1526-4476-8A28-169792AA7BC0}.Debug|Any CPU.Build.0 = Debug|Any CPU
		{35919BD2-1526-4476-8A28-169792AA7BC0}.Release|Any CPU.ActiveCfg = Release|Any CPU
		{35919BD2-1526-4476-8A28-169792AA7BC0}.Release|Any CPU.Build.0 = Release|Any CPU
	EndGlobalSection
	GlobalSection(SolutionProperties) = preSolution
		HideSolutionNode = FALSE
	EndGlobalSection
	GlobalSection(NestedProjects) = preSolution
		{35919BD2-1526-4476-8A28-169792AA7BC0} = {DAD4743F-BB65-4BEC-9440-6C480DBA2BD2}
	EndGlobalSection
	GlobalSection(ExtensibilityGlobals) = postSolution
		SolutionGuid = {93A2E3AE-FB56-400F-A547-1781F2D41672}
	EndGlobalSection
EndGlobal
